
Microsoft Visual Studio Solution File, Format Version 12.00
# Visual Studio Version 17
VisualStudioVersion = 17.4.33110.190
MinimumVisualStudioVersion = 10.0.40219.1
Project("{FAE04EC0-301F-11D3-BF4B-00C04F79EFBC}") = "A_DAL", "A_DAL\A_DAL.csproj", "{4AC9610F-5121-4C04-8E31-86893068BB27}"
EndProject
Project("{FAE04EC0-301F-11D3-BF4B-00C04F79EFBC}") = "B_BUS", "B_BUS\B_BUS.csproj", "{0414902E-FBD7-4509-8F3D-DEED4AC3F2D5}"
EndProject
Project("{FAE04EC0-301F-11D3-BF4B-00C04F79EFBC}") = "C_GUI", "C_GUI\C_GUI.csproj", "{90BFAB66-1871-47E0-8C3C-2E27FA6F5CAD}"
EndProject
Global
	GlobalSection(SolutionConfigurationPlatforms) = preSolution
		Debug|Any CPU = Debug|Any CPU
		Release|Any CPU = Release|Any CPU
	EndGlobalSection
	GlobalSection(ProjectConfigurationPlatforms) = postSolution
		{4AC9610F-5121-4C04-8E31-86893068BB27}.Debug|Any CPU.ActiveCfg = Debug|Any CPU
		{4AC9610F-5121-4C04-8E31-86893068BB27}.Debug|Any CPU.Build.0 = Debug|Any CPU
		{4AC9610F-5121-4C04-8E31-86893068BB27}.Release|Any CPU.ActiveCfg = Release|Any CPU
		{4AC9610F-5121-4C04-8E31-86893068BB27}.Release|Any CPU.Build.0 = Release|Any CPU
		{0414902E-FBD7-4509-8F3D-DEED4AC3F2D5}.Debug|Any CPU.ActiveCfg = Debug|Any CPU
		{0414902E-FBD7-4509-8F3D-DEED4AC3F2D5}.Debug|Any CPU.Build.0 = Debug|Any CPU
		{0414902E-FBD7-4509-8F3D-DEED4AC3F2D5}.Release|Any CPU.ActiveCfg = Release|Any CPU
		{0414902E-FBD7-4509-8F3D-DEED4AC3F2D5}.Release|Any CPU.Build.0 = Release|Any CPU
		{90BFAB66-1871-47E0-8C3C-2E27FA6F5CAD}.Debug|Any CPU.ActiveCfg = Debug|Any CPU
		{90BFAB66-1871-47E0-8C3C-2E27FA6F5CAD}.Debug|Any CPU.Build.0 = Debug|Any CPU
		{90BFAB66-1871-47E0-8C3C-2E27FA6F5CAD}.Release|Any CPU.ActiveCfg = Release|Any CPU
		{90BFAB66-1871-47E0-8C3C-2E27FA6F5CAD}.Release|Any CPU.Build.0 = Release|Any CPU
	EndGlobalSection
	GlobalSection(SolutionProperties) = preSolution
		HideSolutionNode = FALSE
	EndGlobalSection
	GlobalSection(ExtensibilityGlobals) = postSolution
		SolutionGuid = {91200B2B-DDDC-43A8-885B-8003E0F460C6}
	EndGlobalSection
EndGlobal
